# THIS IS AN AUTOGENERATED FILE. DO NOT EDIT THIS FILE DIRECTLY.
# yarn lockfile v1


lodash@^4.17.15:
  version "4.17.15"
  resolved "https://registry.yarnpkg.com/lodash/-/lodash-4.17.15.tgz#b447f6670a0455bbfeedd11392eff330ea097548"
  integrity sha512-8xOcRHvCjnocdS5cpwXQXVzmmh5e5+saE2QGoeQmbKmRS6J3VQppPOIt0MnmE+4xlZoumy0GPG0D0MVIQbNA1A==

vm2@^3.8.3:
  version "3.8.3"
  resolved "https://registry.yarnpkg.com/vm2/-/vm2-3.8.3.tgz#608d71f12584a1e898e60db5c4a61933bd7044bd"
  integrity sha512-ENQFzvyofYuR6ADLwK7v3eTVXPx8R4EPDoOBb4vDZ18doMH6UR2xe735VZKz+BrgIpi5SAt9laBqZJf1FlqHTw==
